
Microsoft Visual Studio Solution File, Format Version 12.00
# Visual Studio 15
VisualStudioVersion = 15.0.28307.136
MinimumVisualStudioVersion = 10.0.40219.1
Project("{FAE04EC0-301F-11D3-BF4B-00C04F79EFBC}") = "IISPoolsDefend", "IISPoolsDefend\IISPoolsDefend.csproj", "{D16AF63E-5AB4-4D79-87F5-F4231FCD9FBD}"
EndProject
Global
	GlobalSection(SolutionConfigurationPlatforms) = preSolution
		Debug|Any CPU = Debug|Any CPU
		Release|Any CPU = Release|Any CPU
	EndGlobalSection
	GlobalSection(ProjectConfigurationPlatforms) = postSolution
		{D16AF63E-5AB4-4D79-87F5-F4231FCD9FBD}.Debug|Any CPU.ActiveCfg = Debug|Any CPU
		{D16AF63E-5AB4-4D79-87F5-F4231FCD9FBD}.Debug|Any CPU.Build.0 = Debug|Any CPU
		{D16AF63E-5AB4-4D79-87F5-F4231FCD9FBD}.Release|Any CPU.ActiveCfg = Release|Any CPU
		{D16AF63E-5AB4-4D79-87F5-F4231FCD9FBD}.Release|Any CPU.Build.0 = Release|Any CPU
	EndGlobalSection
	GlobalSection(SolutionProperties) = preSolution
		HideSolutionNode = FALSE
	EndGlobalSection
	GlobalSection(ExtensibilityGlobals) = postSolution
		SolutionGuid = {C5992BD6-6136-4803-9CC1-6DE638A1E98C}
	EndGlobalSection
EndGlobal
